
Microsoft Visual Studio Solution File, Format Version 12.00
# Visual Studio Version 16
VisualStudioVersion = 16.0.30523.141
MinimumVisualStudioVersion = 10.0.40219.1
Project("{FAE04EC0-301F-11D3-BF4B-00C04F79EFBC}") = "paint", "paint\paint.csproj", "{B526BAB2-5A94-41F4-A09A-1C536521A3FD}"
EndProject
Global
	GlobalSection(SolutionConfigurationPlatforms) = preSolution
		Debug|Any CPU = Debug|Any CPU
		Release|Any CPU = Release|Any CPU
	EndGlobalSection
	GlobalSection(ProjectConfigurationPlatforms) = postSolution
		{B526BAB2-5A94-41F4-A09A-1C536521A3FD}.Debug|Any CPU.ActiveCfg = Debug|Any CPU
		{B526BAB2-5A94-41F4-A09A-1C536521A3FD}.Debug|Any CPU.Build.0 = Debug|Any CPU
		{B526BAB2-5A94-41F4-A09A-1C536521A3FD}.Release|Any CPU.ActiveCfg = Release|Any CPU
		{B526BAB2-5A94-41F4-A09A-1C536521A3FD}.Release|Any CPU.Build.0 = Release|Any CPU
	EndGlobalSection
	GlobalSection(SolutionProperties) = preSolution
		HideSolutionNode = FALSE
	EndGlobalSection
	GlobalSection(ExtensibilityGlobals) = postSolution
		SolutionGuid = {BD233B15-583D-4F9C-9C85-970B2BF3024C}
	EndGlobalSection
EndGlobal
